
Microsoft Visual Studio Solution File, Format Version 12.00
# Visual Studio Version 16
VisualStudioVersion = 16.0.30320.27
MinimumVisualStudioVersion = 10.0.40219.1
Project("{9A19103F-16F7-4668-BE54-9A1E7A4F7556}") = "day1", "src\day1\day1.csproj", "{3AA865DB-5FA1-40CE-A423-6688C3CBB34E}"
EndProject
Project("{9A19103F-16F7-4668-BE54-9A1E7A4F7556}") = "day2", "src\day2\day2.csproj", "{C1AEC45A-6056-4985-BFF7-206A01012A26}"
EndProject
Project("{9A19103F-16F7-4668-BE54-9A1E7A4F7556}") = "day3", "src\day3\day3.csproj", "{BA1C324B-B817-41C1-83DA-581C8A2F93D0}"
EndProject
Project("{9A19103F-16F7-4668-BE54-9A1E7A4F7556}") = "day4", "src\day4\day4.csproj", "{15D8ED48-DDFB-44C9-958C-885853724C05}"
EndProject
Project("{9A19103F-16F7-4668-BE54-9A1E7A4F7556}") = "day5", "src\day5\day5.csproj", "{25036889-191F-4B93-94EF-37B92650CC50}"
EndProject
Project("{9A19103F-16F7-4668-BE54-9A1E7A4F7556}") = "day6", "src\day6\day6.csproj", "{04A86B79-945E-4E2B-A889-D1710DBEA11E}"
EndProject
Project("{9A19103F-16F7-4668-BE54-9A1E7A4F7556}") = "day7", "src\day7\day7.csproj", "{395CA7CE-1F0E-49B0-8BE4-BC2E6F37028D}"
EndProject
Project("{FAE04EC0-301F-11D3-BF4B-00C04F79EFBC}") = "day8", "src\day8\day8.csproj", "{85FEB45B-A758-4879-BDCF-27082B0A1621}"
EndProject
Global
	GlobalSection(SolutionConfigurationPlatforms) = preSolution
		Debug|Any CPU = Debug|Any CPU
		Release|Any CPU = Release|Any CPU
	EndGlobalSection
	GlobalSection(ProjectConfigurationPlatforms) = postSolution
		{3AA865DB-5FA1-40CE-A423-6688C3CBB34E}.Debug|Any CPU.ActiveCfg = Debug|Any CPU
		{3AA865DB-5FA1-40CE-A423-6688C3CBB34E}.Debug|Any CPU.Build.0 = Debug|Any CPU
		{3AA865DB-5FA1-40CE-A423-6688C3CBB34E}.Release|Any CPU.ActiveCfg = Release|Any CPU
		{3AA865DB-5FA1-40CE-A423-6688C3CBB34E}.Release|Any CPU.Build.0 = Release|Any CPU
		{C1AEC45A-6056-4985-BFF7-206A01012A26}.Debug|Any CPU.ActiveCfg = Debug|Any CPU
		{C1AEC45A-6056-4985-BFF7-206A01012A26}.Debug|Any CPU.Build.0 = Debug|Any CPU
		{C1AEC45A-6056-4985-BFF7-206A01012A26}.Release|Any CPU.ActiveCfg = Release|Any CPU
		{C1AEC45A-6056-4985-BFF7-206A01012A26}.Release|Any CPU.Build.0 = Release|Any CPU
		{BA1C324B-B817-41C1-83DA-581C8A2F93D0}.Debug|Any CPU.ActiveCfg = Debug|Any CPU
		{BA1C324B-B817-41C1-83DA-581C8A2F93D0}.Debug|Any CPU.Build.0 = Debug|Any CPU
		{BA1C324B-B817-41C1-83DA-581C8A2F93D0}.Release|Any CPU.ActiveCfg = Release|Any CPU
		{BA1C324B-B817-41C1-83DA-581C8A2F93D0}.Release|Any CPU.Build.0 = Release|Any CPU
		{15D8ED48-DDFB-44C9-958C-885853724C05}.Debug|Any CPU.ActiveCfg = Debug|Any CPU
		{15D8ED48-DDFB-44C9-958C-885853724C05}.Debug|Any CPU.Build.0 = Debug|Any CPU
		{15D8ED48-DDFB-44C9-958C-885853724C05}.Release|Any CPU.ActiveCfg = Release|Any CPU
		{15D8ED48-DDFB-44C9-958C-885853724C05}.Release|Any CPU.Build.0 = Release|Any CPU
		{25036889-191F-4B93-94EF-37B92650CC50}.Debug|Any CPU.ActiveCfg = Debug|Any CPU
		{25036889-191F-4B93-94EF-37B92650CC50}.Debug|Any CPU.Build.0 = Debug|Any CPU
		{25036889-191F-4B93-94EF-37B92650CC50}.Release|Any CPU.ActiveCfg = Release|Any CPU
		{25036889-191F-4B93-94EF-37B92650CC50}.Release|Any CPU.Build.0 = Release|Any CPU
		{04A86B79-945E-4E2B-A889-D1710DBEA11E}.Debug|Any CPU.ActiveCfg = Debug|Any CPU
		{04A86B79-945E-4E2B-A889-D1710DBEA11E}.Debug|Any CPU.Build.0 = Debug|Any CPU
		{04A86B79-945E-4E2B-A889-D1710DBEA11E}.Release|Any CPU.ActiveCfg = Release|Any CPU
		{04A86B79-945E-4E2B-A889-D1710DBEA11E}.Release|Any CPU.Build.0 = Release|Any CPU
		{395CA7CE-1F0E-49B0-8BE4-BC2E6F37028D}.Debug|Any CPU.ActiveCfg = Debug|Any CPU
		{395CA7CE-1F0E-49B0-8BE4-BC2E6F37028D}.Debug|Any CPU.Build.0 = Debug|Any CPU
		{395CA7CE-1F0E-49B0-8BE4-BC2E6F37028D}.Release|Any CPU.ActiveCfg = Release|Any CPU
		{395CA7CE-1F0E-49B0-8BE4-BC2E6F37028D}.Release|Any CPU.Build.0 = Release|Any CPU
		{85FEB45B-A758-4879-BDCF-27082B0A1621}.Debug|Any CPU.ActiveCfg = Debug|Any CPU
		{85FEB45B-A758-4879-BDCF-27082B0A1621}.Debug|Any CPU.Build.0 = Debug|Any CPU
		{85FEB45B-A758-4879-BDCF-27082B0A1621}.Release|Any CPU.ActiveCfg = Release|Any CPU
		{85FEB45B-A758-4879-BDCF-27082B0A1621}.Release|Any CPU.Build.0 = Release|Any CPU
	EndGlobalSection
	GlobalSection(SolutionProperties) = preSolution
		HideSolutionNode = FALSE
	EndGlobalSection
	GlobalSection(ExtensibilityGlobals) = postSolution
		SolutionGuid = {7EEF960B-3931-4CB2-901C-EDA8184C82E6}
	EndGlobalSection
EndGlobal
